
Microsoft Visual Studio Solution File, Format Version 12.00
# Visual Studio Version 17
VisualStudioVersion = 17.14.36310.24 d17.14
MinimumVisualStudioVersion = 10.0.40219.1
Project("{FAE04EC0-301F-11D3-BF4B-00C04F79EFBC}") = "Dairenin Alanını ve Çevresini Bulma(Pi) - C#", "Dairenin Alanını ve Çevresini Bulma(Pi) - C#\Dairenin Alanını ve Çevresini Bulma(Pi) - C#.csproj", "{A45D8CFD-312B-4F90-9978-B9123E8DB64B}"
EndProject
Global
	GlobalSection(SolutionConfigurationPlatforms) = preSolution
		Debug|Any CPU = Debug|Any CPU
		Release|Any CPU = Release|Any CPU
	EndGlobalSection
	GlobalSection(ProjectConfigurationPlatforms) = postSolution
		{A45D8CFD-312B-4F90-9978-B9123E8DB64B}.Debug|Any CPU.ActiveCfg = Debug|Any CPU
		{A45D8CFD-312B-4F90-9978-B9123E8DB64B}.Debug|Any CPU.Build.0 = Debug|Any CPU
		{A45D8CFD-312B-4F90-9978-B9123E8DB64B}.Release|Any CPU.ActiveCfg = Release|Any CPU
		{A45D8CFD-312B-4F90-9978-B9123E8DB64B}.Release|Any CPU.Build.0 = Release|Any CPU
	EndGlobalSection
	GlobalSection(SolutionProperties) = preSolution
		HideSolutionNode = FALSE
	EndGlobalSection
	GlobalSection(ExtensibilityGlobals) = postSolution
		SolutionGuid = {3180B355-434A-4EF1-A64D-9C7C94388570}
	EndGlobalSection
EndGlobal
